<?xml version="1.0" encoding="utf-8"?>
<Project ToolsVersion="4.0" xmlns="http://schemas.microsoft.com/developer/msbuild/2003">
  <ItemGroup>
    <Filter Include="Source Files">
      <UniqueIdentifier>{4FC737F1-C7A5-4376-A066-2A32D752A2FF}</UniqueIdentifier>
      <Extensions>cpp;c;cc;cxx;c++;cppm;ixx;def;odl;idl;hpj;bat;asm;asmx</Extensions>
    </Filter>
    <Filter Include="Header Files">
      <UniqueIdentifier>{93995380-89BD-4b04-88EB-625FBE52EBFB}</UniqueIdentifier>
      <Extensions>h;hh;hpp;hxx;h++;hm;inl;inc;ipp;xsd</Extensions>
    </Filter>
    <Filter Include="Resource Files">
      <UniqueIdentifier>{67DA6AB6-F800-4c08-8B7A-83BB121AAD01}</UniqueIdentifier>
      <Extensions>rc;ico;cur;bmp;dlg;rc2;rct;bin;rgs;gif;jpg;jpeg;jpe;resx;tiff;tif;png;wav;mfcribbon-ms</Extensions>
    </Filter>
    <Filter Include="Resource Files\ANTLR">
      <UniqueIdentifier>{e21af454-e373-4825-a446-08f02a189ee9}</UniqueIdentifier>
    </Filter>
    <Filter Include="Resource Files\Examples">
      <UniqueIdentifier>{ca814887-0f48-4483-9c20-f587a1f018d9}</UniqueIdentifier>
    </Filter>
    <Filter Include="Header Files\Application">
      <UniqueIdentifier>{9a8cd727-caba-427f-a6fb-63f16903fdb9}</UniqueIdentifier>
    </Filter>
    <Filter Include="Source Files\Application">
      <UniqueIdentifier>{8e614d29-5744-47e1-b68f-eacb09e1e4ae}</UniqueIdentifier>
    </Filter>
  </ItemGroup>
  <ItemGroup>
    <ClCompile Include="BattleSimVSProject.cpp">
      <Filter>Source Files</Filter>
    </ClCompile>
    <ClCompile Include="Antlr\Generated\BattleSimBaseListener.cpp">
      <Filter>Resource Files\ANTLR</Filter>
    </ClCompile>
    <ClCompile Include="Antlr\Generated\BattleSimBaseVisitor.cpp">
      <Filter>Resource Files\ANTLR</Filter>
    </ClCompile>
    <ClCompile Include="Antlr\Generated\BattleSimLexer.cpp">
      <Filter>Resource Files\ANTLR</Filter>
    </ClCompile>
    <ClCompile Include="Antlr\Generated\BattleSimListener.cpp">
      <Filter>Resource Files\ANTLR</Filter>
    </ClCompile>
    <ClCompile Include="Antlr\Generated\BattleSimParser.cpp">
      <Filter>Resource Files\ANTLR</Filter>
    </ClCompile>
    <ClCompile Include="Antlr\Generated\BattleSimVisitor.cpp">
      <Filter>Resource Files\ANTLR</Filter>
    </ClCompile>
    <ClCompile Include="Src\Application.cpp">
      <Filter>Source Files\Application</Filter>
    </ClCompile>
    <ClCompile Include="Src\BattleSimVisitorImpl.cpp">
      <Filter>Source Files\Application</Filter>
    </ClCompile>
  </ItemGroup>
  <ItemGroup>
    <None Include="Antlr\BattleSim.g4">
      <Filter>Resource Files\ANTLR</Filter>
    </None>
    <None Include="Antlr\Generated\BattleSim.interp">
      <Filter>Resource Files\ANTLR</Filter>
    </None>
    <None Include="Antlr\Generated\BattleSim.tokens">
      <Filter>Resource Files\ANTLR</Filter>
    </None>
    <None Include="Antlr\Generated\BattleSimLexer.interp">
      <Filter>Resource Files\ANTLR</Filter>
    </None>
    <None Include="Antlr\Generated\BattleSimLexer.tokens">
      <Filter>Resource Files\ANTLR</Filter>
    </None>
  </ItemGroup>
  <ItemGroup>
    <ClInclude Include="Antlr\Generated\BattleSimVisitor.h">
      <Filter>Resource Files\ANTLR</Filter>
    </ClInclude>
    <ClInclude Include="Antlr\Generated\BattleSimBaseListener.h">
      <Filter>Resource Files\ANTLR</Filter>
    </ClInclude>
    <ClInclude Include="Antlr\Generated\BattleSimBaseVisitor.h">
      <Filter>Resource Files\ANTLR</Filter>
    </ClInclude>
    <ClInclude Include="Antlr\Generated\BattleSimLexer.h">
      <Filter>Resource Files\ANTLR</Filter>
    </ClInclude>
    <ClInclude Include="Antlr\Generated\BattleSimListener.h">
      <Filter>Resource Files\ANTLR</Filter>
    </ClInclude>
    <ClInclude Include="Antlr\Generated\BattleSimParser.h">
      <Filter>Resource Files\ANTLR</Filter>
    </ClInclude>
    <ClInclude Include="Include\Application.h">
      <Filter>Header Files\Application</Filter>
    </ClInclude>
    <ClInclude Include="Include\BattleSimVisitorImpl.h">
      <Filter>Header Files\Application</Filter>
    </ClInclude>
  </ItemGroup>
  <ItemGroup>
    <Text Include="Examples\Example1.txt">
      <Filter>Resource Files\Examples</Filter>
    </Text>
  </ItemGroup>
</Project>